// !$*UTF8*$!
{
	archiveVersion = 1;
	classes = {
	};
	objectVersion = 56;
	objects = {

/* Begin PBXBuildFile section */
		678B9A2F2BA1CD5400BC9922 /* Palm_treeApp.swift in Sources */ = {isa = PBXBuildFile; fileRef = 678B9A2E2BA1CD5400BC9922 /* Palm_treeApp.swift */; };
		678B9A312BA1CD5400BC9922 /* TreeView.swift in Sources */ = {isa = PBXBuildFile; fileRef = 678B9A302BA1CD5400BC9922 /* TreeView.swift */; };
		678B9A332BA1CD5500BC9922 /* Assets.xcassets in Resources */ = {isa = PBXBuildFile; fileRef = 678B9A322BA1CD5500BC9922 /* Assets.xcassets */; };
		678B9A362BA1CD5500BC9922 /* Preview Assets.xcassets in Resources */ = {isa = PBXBuildFile; fileRef = 678B9A352BA1CD5500BC9922 /* Preview Assets.xcassets */; };
		678B9A402BA1CD5500BC9922 /* Palm_treeTests.swift in Sources */ = {isa = PBXBuildFile; fileRef = 678B9A3F2BA1CD5500BC9922 /* Palm_treeTests.swift */; };
		678B9A4A2BA1CD5500BC9922 /* Palm_treeUITests.swift in Sources */ = {isa = PBXBuildFile; fileRef = 678B9A492BA1CD5500BC9922 /* Palm_treeUITests.swift */; };
		678B9A4C2BA1CD5500BC9922 /* Palm_treeUITestsLaunchTests.swift in Sources */ = {isa = PBXBuildFile; fileRef = 678B9A4B2BA1CD5500BC9922 /* Palm_treeUITestsLaunchTests.swift */; };
		678B9A5E2BA7579E00BC9922 /* TreeItem.swift in Sources */ = {isa = PBXBuildFile; fileRef = 678B9A5D2BA7579E00BC9922 /* TreeItem.swift */; };
		678B9A602BA757B400BC9922 /* ItemDetails.swift in Sources */ = {isa = PBXBuildFile; fileRef = 678B9A5F2BA757B400BC9922 /* ItemDetails.swift */; };
		678B9A632BA7581400BC9922 /* ItemDetailsView.swift in Sources */ = {isa = PBXBuildFile; fileRef = 678B9A622BA7581400BC9922 /* ItemDetailsView.swift */; };
		678B9A662BA7584500BC9922 /* TreeViewModel.swift in Sources */ = {isa = PBXBuildFile; fileRef = 678B9A652BA7584500BC9922 /* TreeViewModel.swift */; };
		678B9A692BA7587900BC9922 /* NetworkService.swift in Sources */ = {isa = PBXBuildFile; fileRef = 678B9A682BA7587900BC9922 /* NetworkService.swift */; };
		678B9A6B2BA7588F00BC9922 /* NetworkError.swift in Sources */ = {isa = PBXBuildFile; fileRef = 678B9A6A2BA7588F00BC9922 /* NetworkError.swift */; };
		678B9A6D2BA7589F00BC9922 /* DataParser.swift in Sources */ = {isa = PBXBuildFile; fileRef = 678B9A6C2BA7589F00BC9922 /* DataParser.swift */; };
		678B9A6F2BA758BF00BC9922 /* NetworkSession.swift in Sources */ = {isa = PBXBuildFile; fileRef = 678B9A6E2BA758BF00BC9922 /* NetworkSession.swift */; };
		678B9A722BA7590600BC9922 /* TreeDataRequest.swift in Sources */ = {isa = PBXBuildFile; fileRef = 678B9A712BA7590600BC9922 /* TreeDataRequest.swift */; };
		678B9A742BA7592100BC9922 /* ItemDetailsRequest.swift in Sources */ = {isa = PBXBuildFile; fileRef = 678B9A732BA7592100BC9922 /* ItemDetailsRequest.swift */; };
		678B9A762BA75C5800BC9922 /* NetworkRequest.swift in Sources */ = {isa = PBXBuildFile; fileRef = 678B9A752BA75C5800BC9922 /* NetworkRequest.swift */; };
		678B9A792BA75C8400BC9922 /* Constants.swift in Sources */ = {isa = PBXBuildFile; fileRef = 678B9A782BA75C8400BC9922 /* Constants.swift */; };
		678B9A7B2BA75D9100BC9922 /* ItemDetailsViewModel.swift in Sources */ = {isa = PBXBuildFile; fileRef = 678B9A7A2BA75D9100BC9922 /* ItemDetailsViewModel.swift */; };
/* End PBXBuildFile section */

/* Begin PBXContainerItemProxy section */
		678B9A3C2BA1CD5500BC9922 /* PBXContainerItemProxy */ = {
			isa = PBXContainerItemProxy;
			containerPortal = 678B9A232BA1CD5400BC9922 /* Project object */;
			proxyType = 1;
			remoteGlobalIDString = 678B9A2A2BA1CD5400BC9922;
			remoteInfo = "Palm tree";
		};
		678B9A462BA1CD5500BC9922 /* PBXContainerItemProxy */ = {
			isa = PBXContainerItemProxy;
			containerPortal = 678B9A232BA1CD5400BC9922 /* Project object */;
			proxyType = 1;
			remoteGlobalIDString = 678B9A2A2BA1CD5400BC9922;
			remoteInfo = "Palm tree";
		};
/* End PBXContainerItemProxy section */

/* Begin PBXFileReference section */
		678B9A2B2BA1CD5400BC9922 /* Palm tree.app */ = {isa = PBXFileReference; explicitFileType = wrapper.application; includeInIndex = 0; path = "Palm tree.app"; sourceTree = BUILT_PRODUCTS_DIR; };
		678B9A2E2BA1CD5400BC9922 /* Palm_treeApp.swift */ = {isa = PBXFileReference; lastKnownFileType = sourcecode.swift; path = Palm_treeApp.swift; sourceTree = "<group>"; };
		678B9A302BA1CD5400BC9922 /* TreeView.swift */ = {isa = PBXFileReference; lastKnownFileType = sourcecode.swift; path = TreeView.swift; sourceTree = "<group>"; };
		678B9A322BA1CD5500BC9922 /* Assets.xcassets */ = {isa = PBXFileReference; lastKnownFileType = folder.assetcatalog; path = Assets.xcassets; sourceTree = "<group>"; };
		678B9A352BA1CD5500BC9922 /* Preview Assets.xcassets */ = {isa = PBXFileReference; lastKnownFileType = folder.assetcatalog; path = "Preview Assets.xcassets"; sourceTree = "<group>"; };
		678B9A3B2BA1CD5500BC9922 /* Palm treeTests.xctest */ = {isa = PBXFileReference; explicitFileType = wrapper.cfbundle; includeInIndex = 0; path = "Palm treeTests.xctest"; sourceTree = BUILT_PRODUCTS_DIR; };
		678B9A3F2BA1CD5500BC9922 /* Palm_treeTests.swift */ = {isa = PBXFileReference; lastKnownFileType = sourcecode.swift; path = Palm_treeTests.swift; sourceTree = "<group>"; };
		678B9A452BA1CD5500BC9922 /* Palm treeUITests.xctest */ = {isa = PBXFileReference; explicitFileType = wrapper.cfbundle; includeInIndex = 0; path = "Palm treeUITests.xctest"; sourceTree = BUILT_PRODUCTS_DIR; };
		678B9A492BA1CD5500BC9922 /* Palm_treeUITests.swift */ = {isa = PBXFileReference; lastKnownFileType = sourcecode.swift; path = Palm_treeUITests.swift; sourceTree = "<group>"; };
		678B9A4B2BA1CD5500BC9922 /* Palm_treeUITestsLaunchTests.swift */ = {isa = PBXFileReference; lastKnownFileType = sourcecode.swift; path = Palm_treeUITestsLaunchTests.swift; sourceTree = "<group>"; };
		678B9A5D2BA7579E00BC9922 /* TreeItem.swift */ = {isa = PBXFileReference; lastKnownFileType = sourcecode.swift; path = TreeItem.swift; sourceTree = "<group>"; };
		678B9A5F2BA757B400BC9922 /* ItemDetails.swift */ = {isa = PBXFileReference; lastKnownFileType = sourcecode.swift; path = ItemDetails.swift; sourceTree = "<group>"; };
		678B9A622BA7581400BC9922 /* ItemDetailsView.swift */ = {isa = PBXFileReference; lastKnownFileType = sourcecode.swift; path = ItemDetailsView.swift; sourceTree = "<group>"; };
		678B9A652BA7584500BC9922 /* TreeViewModel.swift */ = {isa = PBXFileReference; lastKnownFileType = sourcecode.swift; path = TreeViewModel.swift; sourceTree = "<group>"; };
		678B9A682BA7587900BC9922 /* NetworkService.swift */ = {isa = PBXFileReference; lastKnownFileType = sourcecode.swift; path = NetworkService.swift; sourceTree = "<group>"; };
		678B9A6A2BA7588F00BC9922 /* NetworkError.swift */ = {isa = PBXFileReference; lastKnownFileType = sourcecode.swift; path = NetworkError.swift; sourceTree = "<group>"; };
		678B9A6C2BA7589F00BC9922 /* DataParser.swift */ = {isa = PBXFileReference; lastKnownFileType = sourcecode.swift; path = DataParser.swift; sourceTree = "<group>"; };
		678B9A6E2BA758BF00BC9922 /* NetworkSession.swift */ = {isa = PBXFileReference; lastKnownFileType = sourcecode.swift; path = NetworkSession.swift; sourceTree = "<group>"; };
		678B9A712BA7590600BC9922 /* TreeDataRequest.swift */ = {isa = PBXFileReference; lastKnownFileType = sourcecode.swift; path = TreeDataRequest.swift; sourceTree = "<group>"; };
		678B9A732BA7592100BC9922 /* ItemDetailsRequest.swift */ = {isa = PBXFileReference; lastKnownFileType = sourcecode.swift; path = ItemDetailsRequest.swift; sourceTree = "<group>"; };
		678B9A752BA75C5800BC9922 /* NetworkRequest.swift */ = {isa = PBXFileReference; lastKnownFileType = sourcecode.swift; path = NetworkRequest.swift; sourceTree = "<group>"; };
		678B9A782BA75C8400BC9922 /* Constants.swift */ = {isa = PBXFileReference; lastKnownFileType = sourcecode.swift; path = Constants.swift; sourceTree = "<group>"; };
		678B9A7A2BA75D9100BC9922 /* ItemDetailsViewModel.swift */ = {isa = PBXFileReference; lastKnownFileType = sourcecode.swift; path = ItemDetailsViewModel.swift; sourceTree = "<group>"; };
/* End PBXFileReference section */

/* Begin PBXFrameworksBuildPhase section */
		678B9A282BA1CD5400BC9922 /* Frameworks */ = {
			isa = PBXFrameworksBuildPhase;
			buildActionMask = 2147483647;
			files = (
			);
			runOnlyForDeploymentPostprocessing = 0;
		};
		678B9A382BA1CD5500BC9922 /* Frameworks */ = {
			isa = PBXFrameworksBuildPhase;
			buildActionMask = 2147483647;
			files = (
			);
			runOnlyForDeploymentPostprocessing = 0;
		};
		678B9A422BA1CD5500BC9922 /* Frameworks */ = {
			isa = PBXFrameworksBuildPhase;
			buildActionMask = 2147483647;
			files = (
			);
			runOnlyForDeploymentPostprocessing = 0;
		};
/* End PBXFrameworksBuildPhase section */

/* Begin PBXGroup section */
		678B9A222BA1CD5400BC9922 = {
			isa = PBXGroup;
			children = (
				678B9A2D2BA1CD5400BC9922 /* Palm tree */,
				678B9A3E2BA1CD5500BC9922 /* Palm treeTests */,
				678B9A482BA1CD5500BC9922 /* Palm treeUITests */,
				678B9A2C2BA1CD5400BC9922 /* Products */,
			);
			sourceTree = "<group>";
		};
		678B9A2C2BA1CD5400BC9922 /* Products */ = {
			isa = PBXGroup;
			children = (
				678B9A2B2BA1CD5400BC9922 /* Palm tree.app */,
				678B9A3B2BA1CD5500BC9922 /* Palm treeTests.xctest */,
				678B9A452BA1CD5500BC9922 /* Palm treeUITests.xctest */,
			);
			name = Products;
			sourceTree = "<group>";
		};
		678B9A2D2BA1CD5400BC9922 /* Palm tree */ = {
			isa = PBXGroup;
			children = (
				678B9A772BA75C7400BC9922 /* Support */,
				678B9A612BA757C700BC9922 /* Views */,
				678B9A642BA7582500BC9922 /* ViewModels */,
				678B9A5C2BA7493500BC9922 /* Models */,
				678B9A672BA7586100BC9922 /* Services */,
				678B9A2E2BA1CD5400BC9922 /* Palm_treeApp.swift */,
				678B9A342BA1CD5500BC9922 /* Preview Content */,
			);
			path = "Palm tree";
			sourceTree = "<group>";
		};
		678B9A342BA1CD5500BC9922 /* Preview Content */ = {
			isa = PBXGroup;
			children = (
				678B9A352BA1CD5500BC9922 /* Preview Assets.xcassets */,
			);
			path = "Preview Content";
			sourceTree = "<group>";
		};
		678B9A3E2BA1CD5500BC9922 /* Palm treeTests */ = {
			isa = PBXGroup;
			children = (
				678B9A3F2BA1CD5500BC9922 /* Palm_treeTests.swift */,
			);
			path = "Palm treeTests";
			sourceTree = "<group>";
		};
		678B9A482BA1CD5500BC9922 /* Palm treeUITests */ = {
			isa = PBXGroup;
			children = (
				678B9A492BA1CD5500BC9922 /* Palm_treeUITests.swift */,
				678B9A4B2BA1CD5500BC9922 /* Palm_treeUITestsLaunchTests.swift */,
			);
			path = "Palm treeUITests";
			sourceTree = "<group>";
		};
		678B9A5C2BA7493500BC9922 /* Models */ = {
			isa = PBXGroup;
			children = (
				678B9A5D2BA7579E00BC9922 /* TreeItem.swift */,
				678B9A5F2BA757B400BC9922 /* ItemDetails.swift */,
			);
			path = Models;
			sourceTree = "<group>";
		};
		678B9A612BA757C700BC9922 /* Views */ = {
			isa = PBXGroup;
			children = (
				678B9A302BA1CD5400BC9922 /* TreeView.swift */,
				678B9A622BA7581400BC9922 /* ItemDetailsView.swift */,
			);
			path = Views;
			sourceTree = "<group>";
		};
		678B9A642BA7582500BC9922 /* ViewModels */ = {
			isa = PBXGroup;
			children = (
				678B9A652BA7584500BC9922 /* TreeViewModel.swift */,
				678B9A7A2BA75D9100BC9922 /* ItemDetailsViewModel.swift */,
			);
			path = ViewModels;
			sourceTree = "<group>";
		};
		678B9A672BA7586100BC9922 /* Services */ = {
			isa = PBXGroup;
			children = (
				678B9A702BA758FF00BC9922 /* Requests */,
				678B9A682BA7587900BC9922 /* NetworkService.swift */,
				678B9A6A2BA7588F00BC9922 /* NetworkError.swift */,
				678B9A6C2BA7589F00BC9922 /* DataParser.swift */,
				678B9A6E2BA758BF00BC9922 /* NetworkSession.swift */,
			);
			path = Services;
			sourceTree = "<group>";
		};
		678B9A702BA758FF00BC9922 /* Requests */ = {
			isa = PBXGroup;
			children = (
				678B9A712BA7590600BC9922 /* TreeDataRequest.swift */,
				678B9A732BA7592100BC9922 /* ItemDetailsRequest.swift */,
				678B9A752BA75C5800BC9922 /* NetworkRequest.swift */,
			);
			path = Requests;
			sourceTree = "<group>";
		};
		678B9A772BA75C7400BC9922 /* Support */ = {
			isa = PBXGroup;
			children = (
				678B9A322BA1CD5500BC9922 /* Assets.xcassets */,
				678B9A782BA75C8400BC9922 /* Constants.swift */,
			);
			path = Support;
			sourceTree = "<group>";
		};
/* End PBXGroup section */

/* Begin PBXNativeTarget section */
		678B9A2A2BA1CD5400BC9922 /* Palm tree */ = {
			isa = PBXNativeTarget;
			buildConfigurationList = 678B9A4F2BA1CD5500BC9922 /* Build configuration list for PBXNativeTarget "Palm tree" */;
			buildPhases = (
				678B9A272BA1CD5400BC9922 /* Sources */,
				678B9A282BA1CD5400BC9922 /* Frameworks */,
				678B9A292BA1CD5400BC9922 /* Resources */,
			);
			buildRules = (
			);
			dependencies = (
			);
			name = "Palm tree";
			productName = "Palm tree";
			productReference = 678B9A2B2BA1CD5400BC9922 /* Palm tree.app */;
			productType = "com.apple.product-type.application";
		};
		678B9A3A2BA1CD5500BC9922 /* Palm treeTests */ = {
			isa = PBXNativeTarget;
			buildConfigurationList = 678B9A522BA1CD5500BC9922 /* Build configuration list for PBXNativeTarget "Palm treeTests" */;
			buildPhases = (
				678B9A372BA1CD5500BC9922 /* Sources */,
				678B9A382BA1CD5500BC9922 /* Frameworks */,
				678B9A392BA1CD5500BC9922 /* Resources */,
			);
			buildRules = (
			);
			dependencies = (
				678B9A3D2BA1CD5500BC9922 /* PBXTargetDependency */,
			);
			name = "Palm treeTests";
			productName = "Palm treeTests";
			productReference = 678B9A3B2BA1CD5500BC9922 /* Palm treeTests.xctest */;
			productType = "com.apple.product-type.bundle.unit-test";
		};
		678B9A442BA1CD5500BC9922 /* Palm treeUITests */ = {
			isa = PBXNativeTarget;
			buildConfigurationList = 678B9A552BA1CD5500BC9922 /* Build configuration list for PBXNativeTarget "Palm treeUITests" */;
			buildPhases = (
				678B9A412BA1CD5500BC9922 /* Sources */,
				678B9A422BA1CD5500BC9922 /* Frameworks */,
				678B9A432BA1CD5500BC9922 /* Resources */,
			);
			buildRules = (
			);
			dependencies = (
				678B9A472BA1CD5500BC9922 /* PBXTargetDependency */,
			);
			name = "Palm treeUITests";
			productName = "Palm treeUITests";
			productReference = 678B9A452BA1CD5500BC9922 /* Palm treeUITests.xctest */;
			productType = "com.apple.product-type.bundle.ui-testing";
		};
/* End PBXNativeTarget section */

/* Begin PBXProject section */
		678B9A232BA1CD5400BC9922 /* Project object */ = {
			isa = PBXProject;
			attributes = {
				BuildIndependentTargetsInParallel = 1;
				LastSwiftUpdateCheck = 1530;
				LastUpgradeCheck = 1530;
				TargetAttributes = {
					678B9A2A2BA1CD5400BC9922 = {
						CreatedOnToolsVersion = 15.3;
					};
					678B9A3A2BA1CD5500BC9922 = {
						CreatedOnToolsVersion = 15.3;
						TestTargetID = 678B9A2A2BA1CD5400BC9922;
					};
					678B9A442BA1CD5500BC9922 = {
						CreatedOnToolsVersion = 15.3;
						TestTargetID = 678B9A2A2BA1CD5400BC9922;
					};
				};
			};
			buildConfigurationList = 678B9A262BA1CD5400BC9922 /* Build configuration list for PBXProject "Palm tree" */;
			compatibilityVersion = "Xcode 14.0";
			developmentRegion = en;
			hasScannedForEncodings = 0;
			knownRegions = (
				en,
				Base,
			);
			mainGroup = 678B9A222BA1CD5400BC9922;
			productRefGroup = 678B9A2C2BA1CD5400BC9922 /* Products */;
			projectDirPath = "";
			projectRoot = "";
			targets = (
				678B9A2A2BA1CD5400BC9922 /* Palm tree */,
				678B9A3A2BA1CD5500BC9922 /* Palm treeTests */,
				678B9A442BA1CD5500BC9922 /* Palm treeUITests */,
			);
		};
/* End PBXProject section */

/* Begin PBXResourcesBuildPhase section */
		678B9A292BA1CD5400BC9922 /* Resources */ = {
			isa = PBXResourcesBuildPhase;
			buildActionMask = 2147483647;
			files = (
				678B9A362BA1CD5500BC9922 /* Preview Assets.xcassets in Resources */,
				678B9A332BA1CD5500BC9922 /* Assets.xcassets in Resources */,
			);
			runOnlyForDeploymentPostprocessing = 0;
		};
		678B9A392BA1CD5500BC9922 /* Resources */ = {
			isa = PBXResourcesBuildPhase;
			buildActionMask = 2147483647;
			files = (
			);
			runOnlyForDeploymentPostprocessing = 0;
		};
		678B9A432BA1CD5500BC9922 /* Resources */ = {
			isa = PBXResourcesBuildPhase;
			buildActionMask = 2147483647;
			files = (
			);
			runOnlyForDeploymentPostprocessing = 0;
		};
/* End PBXResourcesBuildPhase section */

/* Begin PBXSourcesBuildPhase section */
		678B9A272BA1CD5400BC9922 /* Sources */ = {
			isa = PBXSourcesBuildPhase;
			buildActionMask = 2147483647;
			files = (
				678B9A762BA75C5800BC9922 /* NetworkRequest.swift in Sources */,
				678B9A6F2BA758BF00BC9922 /* NetworkSession.swift in Sources */,
				678B9A7B2BA75D9100BC9922 /* ItemDetailsViewModel.swift in Sources */,
				678B9A312BA1CD5400BC9922 /* TreeView.swift in Sources */,
				678B9A6B2BA7588F00BC9922 /* NetworkError.swift in Sources */,
				678B9A602BA757B400BC9922 /* ItemDetails.swift in Sources */,
				678B9A5E2BA7579E00BC9922 /* TreeItem.swift in Sources */,
				678B9A632BA7581400BC9922 /* ItemDetailsView.swift in Sources */,
				678B9A662BA7584500BC9922 /* TreeViewModel.swift in Sources */,
				678B9A2F2BA1CD5400BC9922 /* Palm_treeApp.swift in Sources */,
				678B9A692BA7587900BC9922 /* NetworkService.swift in Sources */,
				678B9A742BA7592100BC9922 /* ItemDetailsRequest.swift in Sources */,
				678B9A792BA75C8400BC9922 /* Constants.swift in Sources */,
				678B9A722BA7590600BC9922 /* TreeDataRequest.swift in Sources */,
				678B9A6D2BA7589F00BC9922 /* DataParser.swift in Sources */,
			);
			runOnlyForDeploymentPostprocessing = 0;
		};
		678B9A372BA1CD5500BC9922 /* Sources */ = {
			isa = PBXSourcesBuildPhase;
			buildActionMask = 2147483647;
			files = (
				678B9A402BA1CD5500BC9922 /* Palm_treeTests.swift in Sources */,
			);
			runOnlyForDeploymentPostprocessing = 0;
		};
		678B9A412BA1CD5500BC9922 /* Sources */ = {
			isa = PBXSourcesBuildPhase;
			buildActionMask = 2147483647;
			files = (
				678B9A4C2BA1CD5500BC9922 /* Palm_treeUITestsLaunchTests.swift in Sources */,
				678B9A4A2BA1CD5500BC9922 /* Palm_treeUITests.swift in Sources */,
			);
			runOnlyForDeploymentPostprocessing = 0;
		};
/* End PBXSourcesBuildPhase section */

/* Begin PBXTargetDependency section */
		678B9A3D2BA1CD5500BC9922 /* PBXTargetDependency */ = {
			isa = PBXTargetDependency;
			target = 678B9A2A2BA1CD5400BC9922 /* Palm tree */;
			targetProxy = 678B9A3C2BA1CD5500BC9922 /* PBXContainerItemProxy */;
		};
		678B9A472BA1CD5500BC9922 /* PBXTargetDependency */ = {
			isa = PBXTargetDependency;
			target = 678B9A2A2BA1CD5400BC9922 /* Palm tree */;
			targetProxy = 678B9A462BA1CD5500BC9922 /* PBXContainerItemProxy */;
		};
/* End PBXTargetDependency section */

/* Begin XCBuildConfiguration section */
		678B9A4D2BA1CD5500BC9922 /* Debug */ = {
			isa = XCBuildConfiguration;
			buildSettings = {
				ALWAYS_SEARCH_USER_PATHS = NO;
				ASSETCATALOG_COMPILER_GENERATE_SWIFT_ASSET_SYMBOL_EXTENSIONS = YES;
				CLANG_ANALYZER_NONNULL = YES;
				CLANG_ANALYZER_NUMBER_OBJECT_CONVERSION = YES_AGGRESSIVE;
				CLANG_CXX_LANGUAGE_STANDARD = "gnu++20";
				CLANG_ENABLE_MODULES = YES;
				CLANG_ENABLE_OBJC_ARC = YES;
				CLANG_ENABLE_OBJC_WEAK = YES;
				CLANG_WARN_BLOCK_CAPTURE_AUTORELEASING = YES;
				CLANG_WARN_BOOL_CONVERSION = YES;
				CLANG_WARN_COMMA = YES;
				CLANG_WARN_CONSTANT_CONVERSION = YES;
				CLANG_WARN_DEPRECATED_OBJC_IMPLEMENTATIONS = YES;
				CLANG_WARN_DIRECT_OBJC_ISA_USAGE = YES_ERROR;
				CLANG_WARN_DOCUMENTATION_COMMENTS = YES;
				CLANG_WARN_EMPTY_BODY = YES;
				CLANG_WARN_ENUM_CONVERSION = YES;
				CLANG_WARN_INFINITE_RECURSION = YES;
				CLANG_WARN_INT_CONVERSION = YES;
				CLANG_WARN_NON_LITERAL_NULL_CONVERSION = YES;
				CLANG_WARN_OBJC_IMPLICIT_RETAIN_SELF = YES;
				CLANG_WARN_OBJC_LITERAL_CONVERSION = YES;
				CLANG_WARN_OBJC_ROOT_CLASS = YES_ERROR;
				CLANG_WARN_QUOTED_INCLUDE_IN_FRAMEWORK_HEADER = YES;
				CLANG_WARN_RANGE_LOOP_ANALYSIS = YES;
				CLANG_WARN_STRICT_PROTOTYPES = YES;
				CLANG_WARN_SUSPICIOUS_MOVE = YES;
				CLANG_WARN_UNGUARDED_AVAILABILITY = YES_AGGRESSIVE;
				CLANG_WARN_UNREACHABLE_CODE = YES;
				CLANG_WARN__DUPLICATE_METHOD_MATCH = YES;
				COPY_PHASE_STRIP = NO;
				DEBUG_INFORMATION_FORMAT = dwarf;
				ENABLE_STRICT_OBJC_MSGSEND = YES;
				ENABLE_TESTABILITY = YES;
				ENABLE_USER_SCRIPT_SANDBOXING = YES;
				GCC_C_LANGUAGE_STANDARD = gnu17;
				GCC_DYNAMIC_NO_PIC = NO;
				GCC_NO_COMMON_BLOCKS = YES;
				GCC_OPTIMIZATION_LEVEL = 0;
				GCC_PREPROCESSOR_DEFINITIONS = (
					"DEBUG=1",
					"$(inherited)",
				);
				GCC_WARN_64_TO_32_BIT_CONVERSION = YES;
				GCC_WARN_ABOUT_RETURN_TYPE = YES_ERROR;
				GCC_WARN_UNDECLARED_SELECTOR = YES;
				GCC_WARN_UNINITIALIZED_AUTOS = YES_AGGRESSIVE;
				GCC_WARN_UNUSED_FUNCTION = YES;
				GCC_WARN_UNUSED_VARIABLE = YES;
				IPHONEOS_DEPLOYMENT_TARGET = 17.4;
				LOCALIZATION_PREFERS_STRING_CATALOGS = YES;
				MTL_ENABLE_DEBUG_INFO = INCLUDE_SOURCE;
				MTL_FAST_MATH = YES;
				ONLY_ACTIVE_ARCH = YES;
				SDKROOT = iphoneos;
				SWIFT_ACTIVE_COMPILATION_CONDITIONS = "DEBUG $(inherited)";
				SWIFT_OPTIMIZATION_LEVEL = "-Onone";
			};
			name = Debug;
		};
		678B9A4E2BA1CD5500BC9922 /* Release */ = {
			isa = XCBuildConfiguration;
			buildSettings = {
				ALWAYS_SEARCH_USER_PATHS = NO;
				ASSETCATALOG_COMPILER_GENERATE_SWIFT_ASSET_SYMBOL_EXTENSIONS = YES;
				CLANG_ANALYZER_NONNULL = YES;
				CLANG_ANALYZER_NUMBER_OBJECT_CONVERSION = YES_AGGRESSIVE;
				CLANG_CXX_LANGUAGE_STANDARD = "gnu++20";
				CLANG_ENABLE_MODULES = YES;
				CLANG_ENABLE_OBJC_ARC = YES;
				CLANG_ENABLE_OBJC_WEAK = YES;
				CLANG_WARN_BLOCK_CAPTURE_AUTORELEASING = YES;
				CLANG_WARN_BOOL_CONVERSION = YES;
				CLANG_WARN_COMMA = YES;
				CLANG_WARN_CONSTANT_CONVERSION = YES;
				CLANG_WARN_DEPRECATED_OBJC_IMPLEMENTATIONS = YES;
				CLANG_WARN_DIRECT_OBJC_ISA_USAGE = YES_ERROR;
				CLANG_WARN_DOCUMENTATION_COMMENTS = YES;
				CLANG_WARN_EMPTY_BODY = YES;
				CLANG_WARN_ENUM_CONVERSION = YES;
				CLANG_WARN_INFINITE_RECURSION = YES;
				CLANG_WARN_INT_CONVERSION = YES;
				CLANG_WARN_NON_LITERAL_NULL_CONVERSION = YES;
				CLANG_WARN_OBJC_IMPLICIT_RETAIN_SELF = YES;
				CLANG_WARN_OBJC_LITERAL_CONVERSION = YES;
				CLANG_WARN_OBJC_ROOT_CLASS = YES_ERROR;
				CLANG_WARN_QUOTED_INCLUDE_IN_FRAMEWORK_HEADER = YES;
				CLANG_WARN_RANGE_LOOP_ANALYSIS = YES;
				CLANG_WARN_STRICT_PROTOTYPES = YES;
				CLANG_WARN_SUSPICIOUS_MOVE = YES;
				CLANG_WARN_UNGUARDED_AVAILABILITY = YES_AGGRESSIVE;
				CLANG_WARN_UNREACHABLE_CODE = YES;
				CLANG_WARN__DUPLICATE_METHOD_MATCH = YES;
				COPY_PHASE_STRIP = NO;
				DEBUG_INFORMATION_FORMAT = "dwarf-with-dsym";
				ENABLE_NS_ASSERTIONS = NO;
				ENABLE_STRICT_OBJC_MSGSEND = YES;
				ENABLE_USER_SCRIPT_SANDBOXING = YES;
				GCC_C_LANGUAGE_STANDARD = gnu17;
				GCC_NO_COMMON_BLOCKS = YES;
				GCC_WARN_64_TO_32_BIT_CONVERSION = YES;
				GCC_WARN_ABOUT_RETURN_TYPE = YES_ERROR;
				GCC_WARN_UNDECLARED_SELECTOR = YES;
				GCC_WARN_UNINITIALIZED_AUTOS = YES_AGGRESSIVE;
				GCC_WARN_UNUSED_FUNCTION = YES;
				GCC_WARN_UNUSED_VARIABLE = YES;
				IPHONEOS_DEPLOYMENT_TARGET = 17.4;
				LOCALIZATION_PREFERS_STRING_CATALOGS = YES;
				MTL_ENABLE_DEBUG_INFO = NO;
				MTL_FAST_MATH = YES;
				SDKROOT = iphoneos;
				SWIFT_COMPILATION_MODE = wholemodule;
				VALIDATE_PRODUCT = YES;
			};
			name = Release;
		};
		678B9A502BA1CD5500BC9922 /* Debug */ = {
			isa = XCBuildConfiguration;
			buildSettings = {
				ASSETCATALOG_COMPILER_APPICON_NAME = AppIcon;
				ASSETCATALOG_COMPILER_GLOBAL_ACCENT_COLOR_NAME = AccentColor;
				CODE_SIGN_STYLE = Automatic;
				CURRENT_PROJECT_VERSION = 1;
				DEVELOPMENT_ASSET_PATHS = "\"Palm tree/Preview Content\"";
				DEVELOPMENT_TEAM = 5LHF76Y88Y;
				ENABLE_PREVIEWS = YES;
				GENERATE_INFOPLIST_FILE = YES;
				INFOPLIST_KEY_UIApplicationSceneManifest_Generation = YES;
				INFOPLIST_KEY_UIApplicationSupportsIndirectInputEvents = YES;
				INFOPLIST_KEY_UILaunchScreen_Generation = YES;
				INFOPLIST_KEY_UISupportedInterfaceOrientations_iPad = "UIInterfaceOrientationPortrait UIInterfaceOrientationPortraitUpsideDown UIInterfaceOrientationLandscapeLeft UIInterfaceOrientationLandscapeRight";
				INFOPLIST_KEY_UISupportedInterfaceOrientations_iPhone = "UIInterfaceOrientationPortrait UIInterfaceOrientationLandscapeLeft UIInterfaceOrientationLandscapeRight";
				LD_RUNPATH_SEARCH_PATHS = (
					"$(inherited)",
					"@executable_path/Frameworks",
				);
				MARKETING_VERSION = 1.0;
				PRODUCT_BUNDLE_IDENTIFIER = "alexslk.Palm-tree";
				PRODUCT_NAME = "$(TARGET_NAME)";
				SWIFT_EMIT_LOC_STRINGS = YES;
				SWIFT_VERSION = 5.0;
				TARGETED_DEVICE_FAMILY = "1,2";
			};
			name = Debug;
		};
		678B9A512BA1CD5500BC9922 /* Release */ = {
			isa = XCBuildConfiguration;
			buildSettings = {
				ASSETCATALOG_COMPILER_APPICON_NAME = AppIcon;
				ASSETCATALOG_COMPILER_GLOBAL_ACCENT_COLOR_NAME = AccentColor;
				CODE_SIGN_STYLE = Automatic;
				CURRENT_PROJECT_VERSION = 1;
				DEVELOPMENT_ASSET_PATHS = "\"Palm tree/Preview Content\"";
				DEVELOPMENT_TEAM = 5LHF76Y88Y;
				ENABLE_PREVIEWS = YES;
				GENERATE_INFOPLIST_FILE = YES;
				INFOPLIST_KEY_UIApplicationSceneManifest_Generation = YES;
				INFOPLIST_KEY_UIApplicationSupportsIndirectInputEvents = YES;
				INFOPLIST_KEY_UILaunchScreen_Generation = YES;
				INFOPLIST_KEY_UISupportedInterfaceOrientations_iPad = "UIInterfaceOrientationPortrait UIInterfaceOrientationPortraitUpsideDown UIInterfaceOrientationLandscapeLeft UIInterfaceOrientationLandscapeRight";
				INFOPLIST_KEY_UISupportedInterfaceOrientations_iPhone = "UIInterfaceOrientationPortrait UIInterfaceOrientationLandscapeLeft UIInterfaceOrientationLandscapeRight";
				LD_RUNPATH_SEARCH_PATHS = (
					"$(inherited)",
					"@executable_path/Frameworks",
				);
				MARKETING_VERSION = 1.0;
				PRODUCT_BUNDLE_IDENTIFIER = "alexslk.Palm-tree";
				PRODUCT_NAME = "$(TARGET_NAME)";
				SWIFT_EMIT_LOC_STRINGS = YES;
				SWIFT_VERSION = 5.0;
				TARGETED_DEVICE_FAMILY = "1,2";
			};
			name = Release;
		};
		678B9A532BA1CD5500BC9922 /* Debug */ = {
			isa = XCBuildConfiguration;
			buildSettings = {
				ALWAYS_EMBED_SWIFT_STANDARD_LIBRARIES = YES;
				BUNDLE_LOADER = "$(TEST_HOST)";
				CODE_SIGN_STYLE = Automatic;
				CURRENT_PROJECT_VERSION = 1;
				DEVELOPMENT_TEAM = 5LHF76Y88Y;
				GENERATE_INFOPLIST_FILE = YES;
				IPHONEOS_DEPLOYMENT_TARGET = 17.4;
				MARKETING_VERSION = 1.0;
				PRODUCT_BUNDLE_IDENTIFIER = "alexslk.Palm-treeTests";
				PRODUCT_NAME = "$(TARGET_NAME)";
				SWIFT_EMIT_LOC_STRINGS = NO;
				SWIFT_VERSION = 5.0;
				TARGETED_DEVICE_FAMILY = "1,2";
				TEST_HOST = "$(BUILT_PRODUCTS_DIR)/Palm tree.app/$(BUNDLE_EXECUTABLE_FOLDER_PATH)/Palm tree";
			};
			name = Debug;
		};
		678B9A542BA1CD5500BC9922 /* Release */ = {
			isa = XCBuildConfiguration;
			buildSettings = {
				ALWAYS_EMBED_SWIFT_STANDARD_LIBRARIES = YES;
				BUNDLE_LOADER = "$(TEST_HOST)";
				CODE_SIGN_STYLE = Automatic;
				CURRENT_PROJECT_VERSION = 1;
				DEVELOPMENT_TEAM = 5LHF76Y88Y;
				GENERATE_INFOPLIST_FILE = YES;
				IPHONEOS_DEPLOYMENT_TARGET = 17.4;
				MARKETING_VERSION = 1.0;
				PRODUCT_BUNDLE_IDENTIFIER = "alexslk.Palm-treeTests";
				PRODUCT_NAME = "$(TARGET_NAME)";
				SWIFT_EMIT_LOC_STRINGS = NO;
				SWIFT_VERSION = 5.0;
				TARGETED_DEVICE_FAMILY = "1,2";
				TEST_HOST = "$(BUILT_PRODUCTS_DIR)/Palm tree.app/$(BUNDLE_EXECUTABLE_FOLDER_PATH)/Palm tree";
			};
			name = Release;
		};
		678B9A562BA1CD5500BC9922 /* Debug */ = {
			isa = XCBuildConfiguration;
			buildSettings = {
				ALWAYS_EMBED_SWIFT_STANDARD_LIBRARIES = YES;
				CODE_SIGN_STYLE = Automatic;
				CURRENT_PROJECT_VERSION = 1;
				DEVELOPMENT_TEAM = 5LHF76Y88Y;
				GENERATE_INFOPLIST_FILE = YES;
				MARKETING_VERSION = 1.0;
				PRODUCT_BUNDLE_IDENTIFIER = "alexslk.Palm-treeUITests";
				PRODUCT_NAME = "$(TARGET_NAME)";
				SWIFT_EMIT_LOC_STRINGS = NO;
				SWIFT_VERSION = 5.0;
				TARGETED_DEVICE_FAMILY = "1,2";
				TEST_TARGET_NAME = "Palm tree";
			};
			name = Debug;
		};
		678B9A572BA1CD5500BC9922 /* Release */ = {
			isa = XCBuildConfiguration;
			buildSettings = {
				ALWAYS_EMBED_SWIFT_STANDARD_LIBRARIES = YES;
				CODE_SIGN_STYLE = Automatic;
				CURRENT_PROJECT_VERSION = 1;
				DEVELOPMENT_TEAM = 5LHF76Y88Y;
				GENERATE_INFOPLIST_FILE = YES;
				MARKETING_VERSION = 1.0;
				PRODUCT_BUNDLE_IDENTIFIER = "alexslk.Palm-treeUITests";
				PRODUCT_NAME = "$(TARGET_NAME)";
				SWIFT_EMIT_LOC_STRINGS = NO;
				SWIFT_VERSION = 5.0;
				TARGETED_DEVICE_FAMILY = "1,2";
				TEST_TARGET_NAME = "Palm tree";
			};
			name = Release;
		};
/* End XCBuildConfiguration section */

/* Begin XCConfigurationList section */
		678B9A262BA1CD5400BC9922 /* Build configuration list for PBXProject "Palm tree" */ = {
			isa = XCConfigurationList;
			buildConfigurations = (
				678B9A4D2BA1CD5500BC9922 /* Debug */,
				678B9A4E2BA1CD5500BC9922 /* Release */,
			);
			defaultConfigurationIsVisible = 0;
			defaultConfigurationName = Release;
		};
		678B9A4F2BA1CD5500BC9922 /* Build configuration list for PBXNativeTarget "Palm tree" */ = {
			isa = XCConfigurationList;
			buildConfigurations = (
				678B9A502BA1CD5500BC9922 /* Debug */,
				678B9A512BA1CD5500BC9922 /* Release */,
			);
			defaultConfigurationIsVisible = 0;
			defaultConfigurationName = Release;
		};
		678B9A522BA1CD5500BC9922 /* Build configuration list for PBXNativeTarget "Palm treeTests" */ = {
			isa = XCConfigurationList;
			buildConfigurations = (
				678B9A532BA1CD5500BC9922 /* Debug */,
				678B9A542BA1CD5500BC9922 /* Release */,
			);
			defaultConfigurationIsVisible = 0;
			defaultConfigurationName = Release;
		};
		678B9A552BA1CD5500BC9922 /* Build configuration list for PBXNativeTarget "Palm treeUITests" */ = {
			isa = XCConfigurationList;
			buildConfigurations = (
				678B9A562BA1CD5500BC9922 /* Debug */,
				678B9A572BA1CD5500BC9922 /* Release */,
			);
			defaultConfigurationIsVisible = 0;
			defaultConfigurationName = Release;
		};
/* End XCConfigurationList section */
	};
	rootObject = 678B9A232BA1CD5400BC9922 /* Project object */;
}
